// !$*UTF8*$!
{
	archiveVersion = 1;
	classes = {
	};
	objectVersion = 50;
	objects = {

/* Begin PBXBuildFile section */
		9363E07A2466F35A004515DE /* AppDelegate.swift in Sources */ = {isa = PBXBuildFile; fileRef = 9363E0792466F35A004515DE /* AppDelegate.swift */; };
		9363E07C2466F35A004515DE /* SceneDelegate.swift in Sources */ = {isa = PBXBuildFile; fileRef = 9363E07B2466F35A004515DE /* SceneDelegate.swift */; };
		9363E07E2466F35A004515DE /* ViewController.swift in Sources */ = {isa = PBXBuildFile; fileRef = 9363E07D2466F35A004515DE /* ViewController.swift */; };
		9363E0812466F35A004515DE /* Main.storyboard in Resources */ = {isa = PBXBuildFile; fileRef = 9363E07F2466F35A004515DE /* Main.storyboard */; };
		9363E0842466F35A004515DE /* probaTableView.xcdatamodeld in Sources */ = {isa = PBXBuildFile; fileRef = 9363E0822466F35A004515DE /* probaTableView.xcdatamodeld */; };
		9363E0862466F35D004515DE /* Assets.xcassets in Resources */ = {isa = PBXBuildFile; fileRef = 9363E0852466F35D004515DE /* Assets.xcassets */; };
		9363E0892466F35D004515DE /* LaunchScreen.storyboard in Resources */ = {isa = PBXBuildFile; fileRef = 9363E0872466F35D004515DE /* LaunchScreen.storyboard */; };
		9363E0912466F641004515DE /* TableViewController.swift in Sources */ = {isa = PBXBuildFile; fileRef = 9363E0902466F641004515DE /* TableViewController.swift */; };
		9363E09524671256004515DE /* EmojiTableViewCell.swift in Sources */ = {isa = PBXBuildFile; fileRef = 9363E09424671256004515DE /* EmojiTableViewCell.swift */; };
		936FBB01246DC07600F25CE9 /* EmojiModel.swift in Sources */ = {isa = PBXBuildFile; fileRef = 936FBB00246DC07600F25CE9 /* EmojiModel.swift */; };
		93FBBFFF2474647C000593D6 /* NewTableViewController.swift in Sources */ = {isa = PBXBuildFile; fileRef = 93FBBFFE2474647C000593D6 /* NewTableViewController.swift */; };
/* End PBXBuildFile section */

/* Begin PBXFileReference section */
		9363E0762466F35A004515DE /* probaTableView.app */ = {isa = PBXFileReference; explicitFileType = wrapper.application; includeInIndex = 0; path = probaTableView.app; sourceTree = BUILT_PRODUCTS_DIR; };
		9363E0792466F35A004515DE /* AppDelegate.swift */ = {isa = PBXFileReference; lastKnownFileType = sourcecode.swift; path = AppDelegate.swift; sourceTree = "<group>"; };
		9363E07B2466F35A004515DE /* SceneDelegate.swift */ = {isa = PBXFileReference; lastKnownFileType = sourcecode.swift; path = SceneDelegate.swift; sourceTree = "<group>"; };
		9363E07D2466F35A004515DE /* ViewController.swift */ = {isa = PBXFileReference; lastKnownFileType = sourcecode.swift; path = ViewController.swift; sourceTree = "<group>"; };
		9363E0802466F35A004515DE /* Base */ = {isa = PBXFileReference; lastKnownFileType = file.storyboard; name = Base; path = Base.lproj/Main.storyboard; sourceTree = "<group>"; };
		9363E0832466F35A004515DE /* probaTableView.xcdatamodel */ = {isa = PBXFileReference; lastKnownFileType = wrapper.xcdatamodel; path = probaTableView.xcdatamodel; sourceTree = "<group>"; };
		9363E0852466F35D004515DE /* Assets.xcassets */ = {isa = PBXFileReference; lastKnownFileType = folder.assetcatalog; path = Assets.xcassets; sourceTree = "<group>"; };
		9363E0882466F35D004515DE /* Base */ = {isa = PBXFileReference; lastKnownFileType = file.storyboard; name = Base; path = Base.lproj/LaunchScreen.storyboard; sourceTree = "<group>"; };
		9363E08A2466F35D004515DE /* Info.plist */ = {isa = PBXFileReference; lastKnownFileType = text.plist.xml; path = Info.plist; sourceTree = "<group>"; };
		9363E0902466F641004515DE /* TableViewController.swift */ = {isa = PBXFileReference; lastKnownFileType = sourcecode.swift; path = TableViewController.swift; sourceTree = "<group>"; };
		9363E09424671256004515DE /* EmojiTableViewCell.swift */ = {isa = PBXFileReference; lastKnownFileType = sourcecode.swift; path = EmojiTableViewCell.swift; sourceTree = "<group>"; };
		936FBB00246DC07600F25CE9 /* EmojiModel.swift */ = {isa = PBXFileReference; lastKnownFileType = sourcecode.swift; path = EmojiModel.swift; sourceTree = "<group>"; };
		93FBBFFE2474647C000593D6 /* NewTableViewController.swift */ = {isa = PBXFileReference; lastKnownFileType = sourcecode.swift; path = NewTableViewController.swift; sourceTree = "<group>"; };
/* End PBXFileReference section */

/* Begin PBXFrameworksBuildPhase section */
		9363E0732466F35A004515DE /* Frameworks */ = {
			isa = PBXFrameworksBuildPhase;
			buildActionMask = 2147483647;
			files = (
			);
			runOnlyForDeploymentPostprocessing = 0;
		};
/* End PBXFrameworksBuildPhase section */

/* Begin PBXGroup section */
		9363E06D2466F35A004515DE = {
			isa = PBXGroup;
			children = (
				9363E0782466F35A004515DE /* probaTableView */,
				9363E0772466F35A004515DE /* Products */,
			);
			sourceTree = "<group>";
		};
		9363E0772466F35A004515DE /* Products */ = {
			isa = PBXGroup;
			children = (
				9363E0762466F35A004515DE /* probaTableView.app */,
			);
			name = Products;
			sourceTree = "<group>";
		};
		9363E0782466F35A004515DE /* probaTableView */ = {
			isa = PBXGroup;
			children = (
				9363E0792466F35A004515DE /* AppDelegate.swift */,
				9363E07B2466F35A004515DE /* SceneDelegate.swift */,
				9363E07D2466F35A004515DE /* ViewController.swift */,
				9363E07F2466F35A004515DE /* Main.storyboard */,
				9363E09424671256004515DE /* EmojiTableViewCell.swift */,
				9363E0902466F641004515DE /* TableViewController.swift */,
				936FBB00246DC07600F25CE9 /* EmojiModel.swift */,
				93FBBFFE2474647C000593D6 /* NewTableViewController.swift */,
				9363E0852466F35D004515DE /* Assets.xcassets */,
				9363E0872466F35D004515DE /* LaunchScreen.storyboard */,
				9363E08A2466F35D004515DE /* Info.plist */,
				9363E0822466F35A004515DE /* probaTableView.xcdatamodeld */,
			);
			path = probaTableView;
			sourceTree = "<group>";
		};
/* End PBXGroup section */

/* Begin PBXNativeTarget section */
		9363E0752466F35A004515DE /* probaTableView */ = {
			isa = PBXNativeTarget;
			buildConfigurationList = 9363E08D2466F35D004515DE /* Build configuration list for PBXNativeTarget "probaTableView" */;
			buildPhases = (
				9363E0722466F35A004515DE /* Sources */,
				9363E0732466F35A004515DE /* Frameworks */,
				9363E0742466F35A004515DE /* Resources */,
			);
			buildRules = (
			);
			dependencies = (
			);
			name = probaTableView;
			productName = probaTableView;
			productReference = 9363E0762466F35A004515DE /* probaTableView.app */;
			productType = "com.apple.product-type.application";
		};
/* End PBXNativeTarget section */

/* Begin PBXProject section */
		9363E06E2466F35A004515DE /* Project object */ = {
			isa = PBXProject;
			attributes = {
				LastSwiftUpdateCheck = 1140;
				LastUpgradeCheck = 1140;
				ORGANIZATIONNAME = "Ujin Artuhovich";
				TargetAttributes = {
					9363E0752466F35A004515DE = {
						CreatedOnToolsVersion = 11.4.1;
					};
				};
			};
			buildConfigurationList = 9363E0712466F35A004515DE /* Build configuration list for PBXProject "probaTableView" */;
			compatibilityVersion = "Xcode 9.3";
			developmentRegion = en;
			hasScannedForEncodings = 0;
			knownRegions = (
				en,
				Base,
			);
			mainGroup = 9363E06D2466F35A004515DE;
			productRefGroup = 9363E0772466F35A004515DE /* Products */;
			projectDirPath = "";
			projectRoot = "";
			targets = (
				9363E0752466F35A004515DE /* probaTableView */,
			);
		};
/* End PBXProject section */

/* Begin PBXResourcesBuildPhase section */
		9363E0742466F35A004515DE /* Resources */ = {
			isa = PBXResourcesBuildPhase;
			buildActionMask = 2147483647;
			files = (
				9363E0892466F35D004515DE /* LaunchScreen.storyboard in Resources */,
				9363E0862466F35D004515DE /* Assets.xcassets in Resources */,
				9363E0812466F35A004515DE /* Main.storyboard in Resources */,
			);
			runOnlyForDeploymentPostprocessing = 0;
		};
/* End PBXResourcesBuildPhase section */

/* Begin PBXSourcesBuildPhase section */
		9363E0722466F35A004515DE /* Sources */ = {
			isa = PBXSourcesBuildPhase;
			buildActionMask = 2147483647;
			files = (
				93FBBFFF2474647C000593D6 /* NewTableViewController.swift in Sources */,
				936FBB01246DC07600F25CE9 /* EmojiModel.swift in Sources */,
				9363E07E2466F35A004515DE /* ViewController.swift in Sources */,
				9363E07A2466F35A004515DE /* AppDelegate.swift in Sources */,
				9363E0842466F35A004515DE /* probaTableView.xcdatamodeld in Sources */,
				9363E0912466F641004515DE /* TableViewController.swift in Sources */,
				9363E09524671256004515DE /* EmojiTableViewCell.swift in Sources */,
				9363E07C2466F35A004515DE /* SceneDelegate.swift in Sources */,
			);
			runOnlyForDeploymentPostprocessing = 0;
		};
/* End PBXSourcesBuildPhase section */

/* Begin PBXVariantGroup section */
		9363E07F2466F35A004515DE /* Main.storyboard */ = {
			isa = PBXVariantGroup;
			children = (
				9363E0802466F35A004515DE /* Base */,
			);
			name = Main.storyboard;
			sourceTree = "<group>";
		};
		9363E0872466F35D004515DE /* LaunchScreen.storyboard */ = {
			isa = PBXVariantGroup;
			children = (
				9363E0882466F35D004515DE /* Base */,
			);
			name = LaunchScreen.storyboard;
			sourceTree = "<group>";
		};
/* End PBXVariantGroup section */

/* Begin XCBuildConfiguration section */
		9363E08B2466F35D004515DE /* Debug */ = {
			isa = XCBuildConfiguration;
			buildSettings = {
				ALWAYS_SEARCH_USER_PATHS = NO;
				CLANG_ANALYZER_NONNULL = YES;
				CLANG_ANALYZER_NUMBER_OBJECT_CONVERSION = YES_AGGRESSIVE;
				CLANG_CXX_LANGUAGE_STANDARD = "gnu++14";
				CLANG_CXX_LIBRARY = "libc++";
				CLANG_ENABLE_MODULES = YES;
				CLANG_ENABLE_OBJC_ARC = YES;
				CLANG_ENABLE_OBJC_WEAK = YES;
				CLANG_WARN_BLOCK_CAPTURE_AUTORELEASING = YES;
				CLANG_WARN_BOOL_CONVERSION = YES;
				CLANG_WARN_COMMA = YES;
				CLANG_WARN_CONSTANT_CONVERSION = YES;
				CLANG_WARN_DEPRECATED_OBJC_IMPLEMENTATIONS = YES;
				CLANG_WARN_DIRECT_OBJC_ISA_USAGE = YES_ERROR;
				CLANG_WARN_DOCUMENTATION_COMMENTS = YES;
				CLANG_WARN_EMPTY_BODY = YES;
				CLANG_WARN_ENUM_CONVERSION = YES;
				CLANG_WARN_INFINITE_RECURSION = YES;
				CLANG_WARN_INT_CONVERSION = YES;
				CLANG_WARN_NON_LITERAL_NULL_CONVERSION = YES;
				CLANG_WARN_OBJC_IMPLICIT_RETAIN_SELF = YES;
				CLANG_WARN_OBJC_LITERAL_CONVERSION = YES;
				CLANG_WARN_OBJC_ROOT_CLASS = YES_ERROR;
				CLANG_WARN_RANGE_LOOP_ANALYSIS = YES;
				CLANG_WARN_STRICT_PROTOTYPES = YES;
				CLANG_WARN_SUSPICIOUS_MOVE = YES;
				CLANG_WARN_UNGUARDED_AVAILABILITY = YES_AGGRESSIVE;
				CLANG_WARN_UNREACHABLE_CODE = YES;
				CLANG_WARN__DUPLICATE_METHOD_MATCH = YES;
				COPY_PHASE_STRIP = NO;
				DEBUG_INFORMATION_FORMAT = dwarf;
				ENABLE_STRICT_OBJC_MSGSEND = YES;
				ENABLE_TESTABILITY = YES;
				GCC_C_LANGUAGE_STANDARD = gnu11;
				GCC_DYNAMIC_NO_PIC = NO;
				GCC_NO_COMMON_BLOCKS = YES;
				GCC_OPTIMIZATION_LEVEL = 0;
				GCC_PREPROCESSOR_DEFINITIONS = (
					"DEBUG=1",
					"$(inherited)",
				);
				GCC_WARN_64_TO_32_BIT_CONVERSION = YES;
				GCC_WARN_ABOUT_RETURN_TYPE = YES_ERROR;
				GCC_WARN_UNDECLARED_SELECTOR = YES;
				GCC_WARN_UNINITIALIZED_AUTOS = YES_AGGRESSIVE;
				GCC_WARN_UNUSED_FUNCTION = YES;
				GCC_WARN_UNUSED_VARIABLE = YES;
				IPHONEOS_DEPLOYMENT_TARGET = 13.4;
				MTL_ENABLE_DEBUG_INFO = INCLUDE_SOURCE;
				MTL_FAST_MATH = YES;
				ONLY_ACTIVE_ARCH = YES;
				SDKROOT = iphoneos;
				SWIFT_ACTIVE_COMPILATION_CONDITIONS = DEBUG;
				SWIFT_OPTIMIZATION_LEVEL = "-Onone";
			};
			name = Debug;
		};
		9363E08C2466F35D004515DE /* Release */ = {
			isa = XCBuildConfiguration;
			buildSettings = {
				ALWAYS_SEARCH_USER_PATHS = NO;
				CLANG_ANALYZER_NONNULL = YES;
				CLANG_ANALYZER_NUMBER_OBJECT_CONVERSION = YES_AGGRESSIVE;
				CLANG_CXX_LANGUAGE_STANDARD = "gnu++14";
				CLANG_CXX_LIBRARY = "libc++";
				CLANG_ENABLE_MODULES = YES;
				CLANG_ENABLE_OBJC_ARC = YES;
				CLANG_ENABLE_OBJC_WEAK = YES;
				CLANG_WARN_BLOCK_CAPTURE_AUTORELEASING = YES;
				CLANG_WARN_BOOL_CONVERSION = YES;
				CLANG_WARN_COMMA = YES;
				CLANG_WARN_CONSTANT_CONVERSION = YES;
				CLANG_WARN_DEPRECATED_OBJC_IMPLEMENTATIONS = YES;
				CLANG_WARN_DIRECT_OBJC_ISA_USAGE = YES_ERROR;
				CLANG_WARN_DOCUMENTATION_COMMENTS = YES;
				CLANG_WARN_EMPTY_BODY = YES;
				CLANG_WARN_ENUM_CONVERSION = YES;
				CLANG_WARN_INFINITE_RECURSION = YES;
				CLANG_WARN_INT_CONVERSION = YES;
				CLANG_WARN_NON_LITERAL_NULL_CONVERSION = YES;
				CLANG_WARN_OBJC_IMPLICIT_RETAIN_SELF = YES;
				CLANG_WARN_OBJC_LITERAL_CONVERSION = YES;
				CLANG_WARN_OBJC_ROOT_CLASS = YES_ERROR;
				CLANG_WARN_RANGE_LOOP_ANALYSIS = YES;
				CLANG_WARN_STRICT_PROTOTYPES = YES;
				CLANG_WARN_SUSPICIOUS_MOVE = YES;
				CLANG_WARN_UNGUARDED_AVAILABILITY = YES_AGGRESSIVE;
				CLANG_WARN_UNREACHABLE_CODE = YES;
				CLANG_WARN__DUPLICATE_METHOD_MATCH = YES;
				COPY_PHASE_STRIP = NO;
				DEBUG_INFORMATION_FORMAT = "dwarf-with-dsym";
				ENABLE_NS_ASSERTIONS = NO;
				ENABLE_STRICT_OBJC_MSGSEND = YES;
				GCC_C_LANGUAGE_STANDARD = gnu11;
				GCC_NO_COMMON_BLOCKS = YES;
				GCC_WARN_64_TO_32_BIT_CONVERSION = YES;
				GCC_WARN_ABOUT_RETURN_TYPE = YES_ERROR;
				GCC_WARN_UNDECLARED_SELECTOR = YES;
				GCC_WARN_UNINITIALIZED_AUTOS = YES_AGGRESSIVE;
				GCC_WARN_UNUSED_FUNCTION = YES;
				GCC_WARN_UNUSED_VARIABLE = YES;
				IPHONEOS_DEPLOYMENT_TARGET = 13.4;
				MTL_ENABLE_DEBUG_INFO = NO;
				MTL_FAST_MATH = YES;
				SDKROOT = iphoneos;
				SWIFT_COMPILATION_MODE = wholemodule;
				SWIFT_OPTIMIZATION_LEVEL = "-O";
				VALIDATE_PRODUCT = YES;
			};
			name = Release;
		};
		9363E08E2466F35D004515DE /* Debug */ = {
			isa = XCBuildConfiguration;
			buildSettings = {
				ASSETCATALOG_COMPILER_APPICON_NAME = AppIcon;
				CODE_SIGN_STYLE = Automatic;
				DEVELOPMENT_TEAM = 78X5672765;
				INFOPLIST_FILE = probaTableView/Info.plist;
				LD_RUNPATH_SEARCH_PATHS = (
					"$(inherited)",
					"@executable_path/Frameworks",
				);
				PRODUCT_BUNDLE_IDENTIFIER = ujin.probaTableView;
				PRODUCT_NAME = "$(TARGET_NAME)";
				SWIFT_VERSION = 5.0;
				TARGETED_DEVICE_FAMILY = "1,2";
			};
			name = Debug;
		};
		9363E08F2466F35D004515DE /* Release */ = {
			isa = XCBuildConfiguration;
			buildSettings = {
				ASSETCATALOG_COMPILER_APPICON_NAME = AppIcon;
				CODE_SIGN_STYLE = Automatic;
				DEVELOPMENT_TEAM = 78X5672765;
				INFOPLIST_FILE = probaTableView/Info.plist;
				LD_RUNPATH_SEARCH_PATHS = (
					"$(inherited)",
					"@executable_path/Frameworks",
				);
				PRODUCT_BUNDLE_IDENTIFIER = ujin.probaTableView;
				PRODUCT_NAME = "$(TARGET_NAME)";
				SWIFT_VERSION = 5.0;
				TARGETED_DEVICE_FAMILY = "1,2";
			};
			name = Release;
		};
/* End XCBuildConfiguration section */

/* Begin XCConfigurationList section */
		9363E0712466F35A004515DE /* Build configuration list for PBXProject "probaTableView" */ = {
			isa = XCConfigurationList;
			buildConfigurations = (
				9363E08B2466F35D004515DE /* Debug */,
				9363E08C2466F35D004515DE /* Release */,
			);
			defaultConfigurationIsVisible = 0;
			defaultConfigurationName = Release;
		};
		9363E08D2466F35D004515DE /* Build configuration list for PBXNativeTarget "probaTableView" */ = {
			isa = XCConfigurationList;
			buildConfigurations = (
				9363E08E2466F35D004515DE /* Debug */,
				9363E08F2466F35D004515DE /* Release */,
			);
			defaultConfigurationIsVisible = 0;
			defaultConfigurationName = Release;
		};
/* End XCConfigurationList section */

/* Begin XCVersionGroup section */
		9363E0822466F35A004515DE /* probaTableView.xcdatamodeld */ = {
			isa = XCVersionGroup;
			children = (
				9363E0832466F35A004515DE /* probaTableView.xcdatamodel */,
			);
			currentVersion = 9363E0832466F35A004515DE /* probaTableView.xcdatamodel */;
			path = probaTableView.xcdatamodeld;
			sourceTree = "<group>";
			versionGroupType = wrapper.xcdatamodel;
		};
/* End XCVersionGroup section */
	};
	rootObject = 9363E06E2466F35A004515DE /* Project object */;
}
